
Microsoft Visual Studio Solution File, Format Version 12.00
# Visual Studio Version 18
VisualStudioVersion = 18.1.11304.174
MinimumVisualStudioVersion = 10.0.40219.1
Project("{FAE04EC0-301F-11D3-BF4B-00C04F79EFBC}") = "REPX", "REPX\REPX.csproj", "{CE2CBA9A-E4D3-45B2-A0B2-ECCB220CCCE1}"
EndProject
Global
	GlobalSection(SolutionConfigurationPlatforms) = preSolution
		Debug|Any CPU = Debug|Any CPU
		Debug|Mixed Platforms = Debug|Mixed Platforms
		Debug|x64 = Debug|x64
		Release|Any CPU = Release|Any CPU
		Release|Mixed Platforms = Release|Mixed Platforms
		Release|x64 = Release|x64
	EndGlobalSection
	GlobalSection(ProjectConfigurationPlatforms) = postSolution
		{CE2CBA9A-E4D3-45B2-A0B2-ECCB220CCCE1}.Debug|Any CPU.ActiveCfg = Debug|Any CPU
		{CE2CBA9A-E4D3-45B2-A0B2-ECCB220CCCE1}.Debug|Any CPU.Build.0 = Debug|Any CPU
		{CE2CBA9A-E4D3-45B2-A0B2-ECCB220CCCE1}.Debug|Mixed Platforms.ActiveCfg = Debug|Any CPU
		{CE2CBA9A-E4D3-45B2-A0B2-ECCB220CCCE1}.Debug|Mixed Platforms.Build.0 = Debug|Any CPU
		{CE2CBA9A-E4D3-45B2-A0B2-ECCB220CCCE1}.Debug|x64.ActiveCfg = Debug|Any CPU
		{CE2CBA9A-E4D3-45B2-A0B2-ECCB220CCCE1}.Debug|x64.Build.0 = Debug|Any CPU
		{CE2CBA9A-E4D3-45B2-A0B2-ECCB220CCCE1}.Release|Any CPU.ActiveCfg = Release|Any CPU
		{CE2CBA9A-E4D3-45B2-A0B2-ECCB220CCCE1}.Release|Any CPU.Build.0 = Release|Any CPU
		{CE2CBA9A-E4D3-45B2-A0B2-ECCB220CCCE1}.Release|Mixed Platforms.ActiveCfg = Release|Any CPU
		{CE2CBA9A-E4D3-45B2-A0B2-ECCB220CCCE1}.Release|Mixed Platforms.Build.0 = Release|Any CPU
		{CE2CBA9A-E4D3-45B2-A0B2-ECCB220CCCE1}.Release|x64.ActiveCfg = Release|Any CPU
		{CE2CBA9A-E4D3-45B2-A0B2-ECCB220CCCE1}.Release|x64.Build.0 = Release|Any CPU
	EndGlobalSection
	GlobalSection(SolutionProperties) = preSolution
		HideSolutionNode = FALSE
	EndGlobalSection
	GlobalSection(ExtensibilityGlobals) = postSolution
		SolutionGuid = {0C564C59-ADC0-49D9-87AD-756F40992235}
	EndGlobalSection
EndGlobal
